
Microsoft Visual Studio Solution File, Format Version 12.00
# Visual Studio Version 16
VisualStudioVersion = 16.0.30413.136
MinimumVisualStudioVersion = 10.0.40219.1
Project("{FAE04EC0-301F-11D3-BF4B-00C04F79EFBC}") = "DailyBlogger", "DailyBlogger.csproj", "{E9730E40-0A95-41A9-9439-A39200CA3FE5}"
EndProject
Global
	GlobalSection(SolutionConfigurationPlatforms) = preSolution
		Debug|Any CPU = Debug|Any CPU
		Release|Any CPU = Release|Any CPU
	EndGlobalSection
	GlobalSection(ProjectConfigurationPlatforms) = postSolution
		{E9730E40-0A95-41A9-9439-A39200CA3FE5}.Debug|Any CPU.ActiveCfg = Debug|Any CPU
		{E9730E40-0A95-41A9-9439-A39200CA3FE5}.Debug|Any CPU.Build.0 = Debug|Any CPU
		{E9730E40-0A95-41A9-9439-A39200CA3FE5}.Release|Any CPU.ActiveCfg = Release|Any CPU
		{E9730E40-0A95-41A9-9439-A39200CA3FE5}.Release|Any CPU.Build.0 = Release|Any CPU
	EndGlobalSection
	GlobalSection(SolutionProperties) = preSolution
		HideSolutionNode = FALSE
	EndGlobalSection
	GlobalSection(ExtensibilityGlobals) = postSolution
		SolutionGuid = {0F0A4ACE-EA08-47E8-98F9-BA4A62CD08DB}
	EndGlobalSection
EndGlobal
